
Microsoft Visual Studio Solution File, Format Version 12.00
Project("{FAE04EC0-301F-11D3-BF4B-00C04F79EFBC}") = "TestQuestionParser", "TestQuestionParser\TestQuestionParser.csproj", "{AA56106F-1F70-48FF-8727-353F82E78FF5}"
EndProject
Project("{2150E333-8FDC-42A3-9474-1A3956D46DE8}") = "Solution Items", "Solution Items", "{560BC429-29CC-46D0-BBBB-E722B5DB38BE}"
	ProjectSection(SolutionItems) = preProject
		docker-compose.yml = docker-compose.yml
	EndProjectSection
EndProject
Global
	GlobalSection(SolutionConfigurationPlatforms) = preSolution
		Debug|Any CPU = Debug|Any CPU
		Release|Any CPU = Release|Any CPU
	EndGlobalSection
	GlobalSection(ProjectConfigurationPlatforms) = postSolution
		{AA56106F-1F70-48FF-8727-353F82E78FF5}.Debug|Any CPU.ActiveCfg = Debug|Any CPU
		{AA56106F-1F70-48FF-8727-353F82E78FF5}.Debug|Any CPU.Build.0 = Debug|Any CPU
		{AA56106F-1F70-48FF-8727-353F82E78FF5}.Release|Any CPU.ActiveCfg = Release|Any CPU
		{AA56106F-1F70-48FF-8727-353F82E78FF5}.Release|Any CPU.Build.0 = Release|Any CPU
	EndGlobalSection
EndGlobal
